
Microsoft Visual Studio Solution File, Format Version 12.00
# Visual Studio 15
VisualStudioVersion = 15.0.28010.2046
MinimumVisualStudioVersion = 10.0.40219.1
Project("{FAE04EC0-301F-11D3-BF4B-00C04F79EFBC}") = "WindowsFormsApp10", "WindowsFormsApp10\WindowsFormsApp10.csproj", "{CF4B72DC-ADB2-4BB1-B03E-CC1B94BDC0E8}"
EndProject
Global
	GlobalSection(SolutionConfigurationPlatforms) = preSolution
		Debug|Any CPU = Debug|Any CPU
		Release|Any CPU = Release|Any CPU
	EndGlobalSection
	GlobalSection(ProjectConfigurationPlatforms) = postSolution
		{CF4B72DC-ADB2-4BB1-B03E-CC1B94BDC0E8}.Debug|Any CPU.ActiveCfg = Debug|Any CPU
		{CF4B72DC-ADB2-4BB1-B03E-CC1B94BDC0E8}.Debug|Any CPU.Build.0 = Debug|Any CPU
		{CF4B72DC-ADB2-4BB1-B03E-CC1B94BDC0E8}.Release|Any CPU.ActiveCfg = Release|Any CPU
		{CF4B72DC-ADB2-4BB1-B03E-CC1B94BDC0E8}.Release|Any CPU.Build.0 = Release|Any CPU
	EndGlobalSection
	GlobalSection(SolutionProperties) = preSolution
		HideSolutionNode = FALSE
	EndGlobalSection
	GlobalSection(ExtensibilityGlobals) = postSolution
		SolutionGuid = {F7FD4381-354F-43F4-96B5-1C1D4658FDDC}
	EndGlobalSection
EndGlobal
